
Microsoft Visual Studio Solution File, Format Version 12.00
# Visual Studio Version 17
VisualStudioVersion = 17.4.33122.133
MinimumVisualStudioVersion = 10.0.40219.1
Project("{9A19103F-16F7-4668-BE54-9A1E7A4F7556}") = "BlazorLearning.WebApi", "BlazorLearning.WebApi\BlazorLearning.WebApi.csproj", "{B65DD956-688A-4377-B19A-145B3018C597}"
EndProject
Project("{9A19103F-16F7-4668-BE54-9A1E7A4F7556}") = "BlazorLearning.Shared", "BlazorLearning.Shared\BlazorLearning.Shared.csproj", "{DD5F5FAD-9BDD-451D-A9F5-C3F3F0229F28}"
EndProject
Project("{9A19103F-16F7-4668-BE54-9A1E7A4F7556}") = "BlazorLearning.WebClient", "BlazorLearning.WebClient\BlazorLearning.WebClient.csproj", "{192A2BC0-CA50-4AC4-AD87-FB9677F73A7C}"
EndProject
Project("{9A19103F-16F7-4668-BE54-9A1E7A4F7556}") = "BlazorLearning.WebApp", "BlazorLearning.WebApp\BlazorLearning.WebApp.csproj", "{1C2D8B46-F079-42AE-85DC-F3984CC577E2}"
EndProject
Project("{9A19103F-16F7-4668-BE54-9A1E7A4F7556}") = "BlazorLearning.WebClient.Library", "BlazorLearning.WebClient.Library\BlazorLearning.WebClient.Library.csproj", "{F19C23C9-B4D3-4FFF-8720-B48DD4892125}"
EndProject
Global
	GlobalSection(SolutionConfigurationPlatforms) = preSolution
		Debug|Any CPU = Debug|Any CPU
		Release|Any CPU = Release|Any CPU
	EndGlobalSection
	GlobalSection(ProjectConfigurationPlatforms) = postSolution
		{B65DD956-688A-4377-B19A-145B3018C597}.Debug|Any CPU.ActiveCfg = Debug|Any CPU
		{B65DD956-688A-4377-B19A-145B3018C597}.Debug|Any CPU.Build.0 = Debug|Any CPU
		{B65DD956-688A-4377-B19A-145B3018C597}.Release|Any CPU.ActiveCfg = Release|Any CPU
		{B65DD956-688A-4377-B19A-145B3018C597}.Release|Any CPU.Build.0 = Release|Any CPU
		{DD5F5FAD-9BDD-451D-A9F5-C3F3F0229F28}.Debug|Any CPU.ActiveCfg = Debug|Any CPU
		{DD5F5FAD-9BDD-451D-A9F5-C3F3F0229F28}.Debug|Any CPU.Build.0 = Debug|Any CPU
		{DD5F5FAD-9BDD-451D-A9F5-C3F3F0229F28}.Release|Any CPU.ActiveCfg = Release|Any CPU
		{DD5F5FAD-9BDD-451D-A9F5-C3F3F0229F28}.Release|Any CPU.Build.0 = Release|Any CPU
		{192A2BC0-CA50-4AC4-AD87-FB9677F73A7C}.Debug|Any CPU.ActiveCfg = Debug|Any CPU
		{192A2BC0-CA50-4AC4-AD87-FB9677F73A7C}.Debug|Any CPU.Build.0 = Debug|Any CPU
		{192A2BC0-CA50-4AC4-AD87-FB9677F73A7C}.Release|Any CPU.ActiveCfg = Release|Any CPU
		{192A2BC0-CA50-4AC4-AD87-FB9677F73A7C}.Release|Any CPU.Build.0 = Release|Any CPU
		{1C2D8B46-F079-42AE-85DC-F3984CC577E2}.Debug|Any CPU.ActiveCfg = Debug|Any CPU
		{1C2D8B46-F079-42AE-85DC-F3984CC577E2}.Debug|Any CPU.Build.0 = Debug|Any CPU
		{1C2D8B46-F079-42AE-85DC-F3984CC577E2}.Release|Any CPU.ActiveCfg = Release|Any CPU
		{1C2D8B46-F079-42AE-85DC-F3984CC577E2}.Release|Any CPU.Build.0 = Release|Any CPU
		{F19C23C9-B4D3-4FFF-8720-B48DD4892125}.Debug|Any CPU.ActiveCfg = Debug|Any CPU
		{F19C23C9-B4D3-4FFF-8720-B48DD4892125}.Debug|Any CPU.Build.0 = Debug|Any CPU
		{F19C23C9-B4D3-4FFF-8720-B48DD4892125}.Release|Any CPU.ActiveCfg = Release|Any CPU
		{F19C23C9-B4D3-4FFF-8720-B48DD4892125}.Release|Any CPU.Build.0 = Release|Any CPU
	EndGlobalSection
	GlobalSection(SolutionProperties) = preSolution
		HideSolutionNode = FALSE
	EndGlobalSection
	GlobalSection(ExtensibilityGlobals) = postSolution
		SolutionGuid = {B2F20B6E-46E4-42B2-B22E-0A4A5E02AD47}
	EndGlobalSection
EndGlobal
